
Microsoft Visual Studio Solution File, Format Version 12.00
# Visual Studio Version 17
VisualStudioVersion = 17.3.32901.215
MinimumVisualStudioVersion = 10.0.40219.1
Project("{8BC9CEB8-8B4A-11D0-8D11-00A0C91BC942}") = "XrCore", "XrCore\XrCore.vcxproj", "{DA642D7C-4FFF-43DC-98F8-3F96CAF1E4BA}"
EndProject
Project("{8BC9CEB8-8B4A-11D0-8D11-00A0C91BC942}") = "XrCDB", "XrCDB\XrCDB.vcxproj", "{7E263157-2FC0-42D7-A676-DD6049BB60F5}"
EndProject
Project("{8BC9CEB8-8B4A-11D0-8D11-00A0C91BC942}") = "XrAPI", "XrAPI\XrAPI.vcxproj", "{FF16EF0A-8A51-4C36-9213-4AA87CB4B317}"
EndProject
Project("{2150E333-8FDC-42A3-9474-1A3956D46DE8}") = "External", "External", "{DBF1D802-5CE5-45B8-8426-4634FC4D4FAA}"
EndProject
Project("{8BC9CEB8-8B4A-11D0-8D11-00A0C91BC942}") = "Ogg", "External\Ogg\Ogg.vcxproj", "{490C4173-E321-4E03-8E09-0475D7B91307}"
EndProject
Project("{8BC9CEB8-8B4A-11D0-8D11-00A0C91BC942}") = "Vorbis", "External\Vorbis\Vorbis.vcxproj", "{AC3D4F35-0E39-47F7-AEB7-552811A90A07}"
EndProject
Project("{8BC9CEB8-8B4A-11D0-8D11-00A0C91BC942}") = "Theora", "External\Theora\Theora.vcxproj", "{0CBE8406-AE28-414B-B353-CB2D3C4003C8}"
EndProject
Project("{8BC9CEB8-8B4A-11D0-8D11-00A0C91BC942}") = "OpenAL", "External\OpenAL\OpenAL.vcxproj", "{3E6D62E8-DAF4-4FF8-8CB7-64758BA6A61A}"
EndProject
Project("{8BC9CEB8-8B4A-11D0-8D11-00A0C91BC942}") = "XrSound", "XrSound\XrSound.vcxproj", "{57601B62-902A-4EC8-BCC7-B6A2E30B0676}"
EndProject
Project("{8BC9CEB8-8B4A-11D0-8D11-00A0C91BC942}") = "Luabind", "External\Luabind\Luabind.vcxproj", "{6FDBCDB3-D190-486D-BDAC-3C4AC527DA3B}"
	ProjectSection(ProjectDependencies) = postProject
		{DA642D7C-4FFF-43DC-98F8-3F96CAF1E4BA} = {DA642D7C-4FFF-43DC-98F8-3F96CAF1E4BA}
		{632AEEB6-DC06-4E15-9551-B2B09A4B73C5} = {632AEEB6-DC06-4E15-9551-B2B09A4B73C5}
	EndProjectSection
EndProject
Project("{8BC9CEB8-8B4A-11D0-8D11-00A0C91BC942}") = "XrCPU_Pipe", "XrCPU_Pipe\XrCPU_Pipe.vcxproj", "{E671B0D4-52F0-471B-90B4-8317946C3C26}"
EndProject
Project("{8BC9CEB8-8B4A-11D0-8D11-00A0C91BC942}") = "XrParticles", "XrParticles\XrParticles.vcxproj", "{C50A948D-9175-4388-AE07-0CDAB7FB69C8}"
EndProject
Project("{8BC9CEB8-8B4A-11D0-8D11-00A0C91BC942}") = "Ode", "External\Ode\Ode.vcxproj", "{EB58439B-1F16-4E81-B0B3-1E1E95AD4901}"
EndProject
Project("{8BC9CEB8-8B4A-11D0-8D11-00A0C91BC942}") = "XrPhysics", "XrPhysics\XrPhysics.vcxproj", "{3D3CC439-AABC-4565-99C8-9C53F425380C}"
EndProject
Project("{8BC9CEB8-8B4A-11D0-8D11-00A0C91BC942}") = "XrXMLParser", "XrXMLParser\XrXMLParser.vcxproj", "{39ABB344-2136-46C3-814D-8E80BC59A08E}"
EndProject
Project("{2150E333-8FDC-42A3-9474-1A3956D46DE8}") = "Editors", "Editors", "{22F340B9-8190-4BE3-B3E7-F7BCAA0796B3}"
EndProject
Project("{8BC9CEB8-8B4A-11D0-8D11-00A0C91BC942}") = "XrEProps", "Editors\XrEProps\XrEProps.vcxproj", "{6D47AFC7-0557-4BBF-8902-B248F3621419}"
EndProject
Project("{8BC9CEB8-8B4A-11D0-8D11-00A0C91BC942}") = "ActorEditor", "Editors\ActorEditor\ActorEditor.vcxproj", "{3145D38A-574B-4841-8AA9-CCD160B95124}"
EndProject
Project("{8BC9CEB8-8B4A-11D0-8D11-00A0C91BC942}") = "XrEUI", "Editors\XrEUI\XrEUI.vcxproj", "{7E28883C-DB86-4EE8-813A-991BA20C68C9}"
EndProject
Project("{8BC9CEB8-8B4A-11D0-8D11-00A0C91BC942}") = "XrECore", "Editors\XrECore\XrECore.vcxproj", "{9187BE98-531A-4276-B78E-DBA3C8AB8447}"
EndProject
Project("{8BC9CEB8-8B4A-11D0-8D11-00A0C91BC942}") = "FreeMagic", "Editors\FreeMagic\FreeMagic.vcxproj", "{DCC5B76D-BE13-4D1F-BE14-75D0FA678340}"
EndProject
Project("{8BC9CEB8-8B4A-11D0-8D11-00A0C91BC942}") = "XrETools", "Editors\XrETools\XrETools.vcxproj", "{FB040F9F-8344-43DA-A4D6-1C8A9D5DBC59}"
EndProject
Project("{8BC9CEB8-8B4A-11D0-8D11-00A0C91BC942}") = "XrQSlim", "Editors\XrQSlim\XrQSlim.vcxproj", "{F4CD3B2B-16E4-47EF-80A9-B7D20DFC3713}"
EndProject
Project("{8BC9CEB8-8B4A-11D0-8D11-00A0C91BC942}") = "XrDXT", "Editors\XrDXT\XrDXT.vcxproj", "{7C119635-1963-4547-B345-CB7ED7EB2EE4}"
EndProject
Project("{8BC9CEB8-8B4A-11D0-8D11-00A0C91BC942}") = "ShaderEditor", "Editors\ShaderEditor\ShaderEditor.vcxproj", "{3B20191B-7CA1-4D9C-8306-4D9EBB29E24A}"
EndProject
Project("{8BC9CEB8-8B4A-11D0-8D11-00A0C91BC942}") = "ParticleEditor", "Editors\ParticleEditor\ParticleEditor.vcxproj", "{19DC7E82-12AF-4110-93CA-E7C30500A3F5}"
EndProject
Project("{8BC9CEB8-8B4A-11D0-8D11-00A0C91BC942}") = "LevelEditor", "Editors\LevelEditor\LevelEditor.vcxproj", "{7E13BFCC-55B0-4715-8BBB-84A143CCE84B}"
EndProject
Project("{8BC9CEB8-8B4A-11D0-8D11-00A0C91BC942}") = "XrSE_Factory", "Editors\XrSE_Factory\XrSE_Factory.vcxproj", "{E5D980C8-02DF-45D1-9F15-4D87AE100661}"
	ProjectSection(ProjectDependencies) = postProject
		{6FDBCDB3-D190-486D-BDAC-3C4AC527DA3B} = {6FDBCDB3-D190-486D-BDAC-3C4AC527DA3B}
	EndProjectSection
EndProject
Project("{8BC9CEB8-8B4A-11D0-8D11-00A0C91BC942}") = "BugTrap", "External\BugTrap\BugTrap.vcxproj", "{E8CF1ADA-264A-4127-86C2-FD7057D3792C}"
	ProjectSection(ProjectDependencies) = postProject
		{CA2604CA-A2AC-49A1-A468-8AB5A2E6CBC9} = {CA2604CA-A2AC-49A1-A468-8AB5A2E6CBC9}
	EndProjectSection
EndProject
Project("{8BC9CEB8-8B4A-11D0-8D11-00A0C91BC942}") = "LuaJIT", "External\LuaJIT\src\luajit.vcxproj", "{632AEEB6-DC06-4E15-9551-B2B09A4B73C5}"
EndProject
Project("{8BC9CEB8-8B4A-11D0-8D11-00A0C91BC942}") = "zlib", "External\zlib\zlib.vcxproj", "{CA2604CA-A2AC-49A1-A468-8AB5A2E6CBC9}"
EndProject
Global
	GlobalSection(SolutionConfigurationPlatforms) = preSolution
		Debug|x64 = Debug|x64
		Debug|x86 = Debug|x86
		Development|x64 = Development|x64
		Development|x86 = Development|x86
		Release|x64 = Release|x64
		Release|x86 = Release|x86
	EndGlobalSection
	GlobalSection(ProjectConfigurationPlatforms) = postSolution
		{DA642D7C-4FFF-43DC-98F8-3F96CAF1E4BA}.Debug|x64.ActiveCfg = Debug|x64
		{DA642D7C-4FFF-43DC-98F8-3F96CAF1E4BA}.Debug|x64.Build.0 = Debug|x64
		{DA642D7C-4FFF-43DC-98F8-3F96CAF1E4BA}.Debug|x86.ActiveCfg = Debug|Win32
		{DA642D7C-4FFF-43DC-98F8-3F96CAF1E4BA}.Debug|x86.Build.0 = Debug|Win32
		{DA642D7C-4FFF-43DC-98F8-3F96CAF1E4BA}.Development|x64.ActiveCfg = Development|x64
		{DA642D7C-4FFF-43DC-98F8-3F96CAF1E4BA}.Development|x64.Build.0 = Development|x64
		{DA642D7C-4FFF-43DC-98F8-3F96CAF1E4BA}.Development|x86.ActiveCfg = Development|Win32
		{DA642D7C-4FFF-43DC-98F8-3F96CAF1E4BA}.Development|x86.Build.0 = Development|Win32
		{DA642D7C-4FFF-43DC-98F8-3F96CAF1E4BA}.Release|x64.ActiveCfg = Release|x64
		{DA642D7C-4FFF-43DC-98F8-3F96CAF1E4BA}.Release|x64.Build.0 = Release|x64
		{DA642D7C-4FFF-43DC-98F8-3F96CAF1E4BA}.Release|x86.ActiveCfg = Release|Win32
		{DA642D7C-4FFF-43DC-98F8-3F96CAF1E4BA}.Release|x86.Build.0 = Release|Win32
		{7E263157-2FC0-42D7-A676-DD6049BB60F5}.Debug|x64.ActiveCfg = Debug|x64
		{7E263157-2FC0-42D7-A676-DD6049BB60F5}.Debug|x64.Build.0 = Debug|x64
		{7E263157-2FC0-42D7-A676-DD6049BB60F5}.Debug|x86.ActiveCfg = Debug|Win32
		{7E263157-2FC0-42D7-A676-DD6049BB60F5}.Debug|x86.Build.0 = Debug|Win32
		{7E263157-2FC0-42D7-A676-DD6049BB60F5}.Development|x64.ActiveCfg = Development|x64
		{7E263157-2FC0-42D7-A676-DD6049BB60F5}.Development|x64.Build.0 = Development|x64
		{7E263157-2FC0-42D7-A676-DD6049BB60F5}.Development|x86.ActiveCfg = Development|Win32
		{7E263157-2FC0-42D7-A676-DD6049BB60F5}.Development|x86.Build.0 = Development|Win32
		{7E263157-2FC0-42D7-A676-DD6049BB60F5}.Release|x64.ActiveCfg = Release|x64
		{7E263157-2FC0-42D7-A676-DD6049BB60F5}.Release|x64.Build.0 = Release|x64
		{7E263157-2FC0-42D7-A676-DD6049BB60F5}.Release|x86.ActiveCfg = Release|Win32
		{7E263157-2FC0-42D7-A676-DD6049BB60F5}.Release|x86.Build.0 = Release|Win32
		{FF16EF0A-8A51-4C36-9213-4AA87CB4B317}.Debug|x64.ActiveCfg = Debug|x64
		{FF16EF0A-8A51-4C36-9213-4AA87CB4B317}.Debug|x64.Build.0 = Debug|x64
		{FF16EF0A-8A51-4C36-9213-4AA87CB4B317}.Debug|x86.ActiveCfg = Debug|Win32
		{FF16EF0A-8A51-4C36-9213-4AA87CB4B317}.Debug|x86.Build.0 = Debug|Win32
		{FF16EF0A-8A51-4C36-9213-4AA87CB4B317}.Development|x64.ActiveCfg = Development|x64
		{FF16EF0A-8A51-4C36-9213-4AA87CB4B317}.Development|x64.Build.0 = Development|x64
		{FF16EF0A-8A51-4C36-9213-4AA87CB4B317}.Development|x86.ActiveCfg = Development|Win32
		{FF16EF0A-8A51-4C36-9213-4AA87CB4B317}.Development|x86.Build.0 = Development|Win32
		{FF16EF0A-8A51-4C36-9213-4AA87CB4B317}.Release|x64.ActiveCfg = Release|x64
		{FF16EF0A-8A51-4C36-9213-4AA87CB4B317}.Release|x64.Build.0 = Release|x64
		{FF16EF0A-8A51-4C36-9213-4AA87CB4B317}.Release|x86.ActiveCfg = Release|Win32
		{FF16EF0A-8A51-4C36-9213-4AA87CB4B317}.Release|x86.Build.0 = Release|Win32
		{490C4173-E321-4E03-8E09-0475D7B91307}.Debug|x64.ActiveCfg = Debug|x64
		{490C4173-E321-4E03-8E09-0475D7B91307}.Debug|x64.Build.0 = Debug|x64
		{490C4173-E321-4E03-8E09-0475D7B91307}.Debug|x86.ActiveCfg = Debug|Win32
		{490C4173-E321-4E03-8E09-0475D7B91307}.Debug|x86.Build.0 = Debug|Win32
		{490C4173-E321-4E03-8E09-0475D7B91307}.Development|x64.ActiveCfg = Development|x64
		{490C4173-E321-4E03-8E09-0475D7B91307}.Development|x64.Build.0 = Development|x64
		{490C4173-E321-4E03-8E09-0475D7B91307}.Development|x86.ActiveCfg = Development|Win32
		{490C4173-E321-4E03-8E09-0475D7B91307}.Development|x86.Build.0 = Development|Win32
		{490C4173-E321-4E03-8E09-0475D7B91307}.Release|x64.ActiveCfg = Release|x64
		{490C4173-E321-4E03-8E09-0475D7B91307}.Release|x64.Build.0 = Release|x64
		{490C4173-E321-4E03-8E09-0475D7B91307}.Release|x86.ActiveCfg = Release|Win32
		{490C4173-E321-4E03-8E09-0475D7B91307}.Release|x86.Build.0 = Release|Win32
		{AC3D4F35-0E39-47F7-AEB7-552811A90A07}.Debug|x64.ActiveCfg = Debug|x64
		{AC3D4F35-0E39-47F7-AEB7-552811A90A07}.Debug|x64.Build.0 = Debug|x64
		{AC3D4F35-0E39-47F7-AEB7-552811A90A07}.Debug|x86.ActiveCfg = Debug|Win32
		{AC3D4F35-0E39-47F7-AEB7-552811A90A07}.Debug|x86.Build.0 = Debug|Win32
		{AC3D4F35-0E39-47F7-AEB7-552811A90A07}.Development|x64.ActiveCfg = Development|x64
		{AC3D4F35-0E39-47F7-AEB7-552811A90A07}.Development|x64.Build.0 = Development|x64
		{AC3D4F35-0E39-47F7-AEB7-552811A90A07}.Development|x86.ActiveCfg = Development|Win32
		{AC3D4F35-0E39-47F7-AEB7-552811A90A07}.Development|x86.Build.0 = Development|Win32
		{AC3D4F35-0E39-47F7-AEB7-552811A90A07}.Release|x64.ActiveCfg = Release|x64
		{AC3D4F35-0E39-47F7-AEB7-552811A90A07}.Release|x64.Build.0 = Release|x64
		{AC3D4F35-0E39-47F7-AEB7-552811A90A07}.Release|x86.ActiveCfg = Release|Win32
		{AC3D4F35-0E39-47F7-AEB7-552811A90A07}.Release|x86.Build.0 = Release|Win32
		{0CBE8406-AE28-414B-B353-CB2D3C4003C8}.Debug|x64.ActiveCfg = Debug|x64
		{0CBE8406-AE28-414B-B353-CB2D3C4003C8}.Debug|x64.Build.0 = Debug|x64
		{0CBE8406-AE28-414B-B353-CB2D3C4003C8}.Debug|x86.ActiveCfg = Debug|Win32
		{0CBE8406-AE28-414B-B353-CB2D3C4003C8}.Debug|x86.Build.0 = Debug|Win32
		{0CBE8406-AE28-414B-B353-CB2D3C4003C8}.Development|x64.ActiveCfg = Development|x64
		{0CBE8406-AE28-414B-B353-CB2D3C4003C8}.Development|x64.Build.0 = Development|x64
		{0CBE8406-AE28-414B-B353-CB2D3C4003C8}.Development|x86.ActiveCfg = Development|Win32
		{0CBE8406-AE28-414B-B353-CB2D3C4003C8}.Development|x86.Build.0 = Development|Win32
		{0CBE8406-AE28-414B-B353-CB2D3C4003C8}.Release|x64.ActiveCfg = Release|x64
		{0CBE8406-AE28-414B-B353-CB2D3C4003C8}.Release|x64.Build.0 = Release|x64
		{0CBE8406-AE28-414B-B353-CB2D3C4003C8}.Release|x86.ActiveCfg = Release|Win32
		{0CBE8406-AE28-414B-B353-CB2D3C4003C8}.Release|x86.Build.0 = Release|Win32
		{3E6D62E8-DAF4-4FF8-8CB7-64758BA6A61A}.Debug|x64.ActiveCfg = Debug|x64
		{3E6D62E8-DAF4-4FF8-8CB7-64758BA6A61A}.Debug|x64.Build.0 = Debug|x64
		{3E6D62E8-DAF4-4FF8-8CB7-64758BA6A61A}.Debug|x86.ActiveCfg = Debug|Win32
		{3E6D62E8-DAF4-4FF8-8CB7-64758BA6A61A}.Debug|x86.Build.0 = Debug|Win32
		{3E6D62E8-DAF4-4FF8-8CB7-64758BA6A61A}.Development|x64.ActiveCfg = Development|x64
		{3E6D62E8-DAF4-4FF8-8CB7-64758BA6A61A}.Development|x64.Build.0 = Development|x64
		{3E6D62E8-DAF4-4FF8-8CB7-64758BA6A61A}.Development|x86.ActiveCfg = Development|Win32
		{3E6D62E8-DAF4-4FF8-8CB7-64758BA6A61A}.Development|x86.Build.0 = Development|Win32
		{3E6D62E8-DAF4-4FF8-8CB7-64758BA6A61A}.Release|x64.ActiveCfg = Release|x64
		{3E6D62E8-DAF4-4FF8-8CB7-64758BA6A61A}.Release|x64.Build.0 = Release|x64
		{3E6D62E8-DAF4-4FF8-8CB7-64758BA6A61A}.Release|x86.ActiveCfg = Release|Win32
		{3E6D62E8-DAF4-4FF8-8CB7-64758BA6A61A}.Release|x86.Build.0 = Release|Win32
		{57601B62-902A-4EC8-BCC7-B6A2E30B0676}.Debug|x64.ActiveCfg = Debug|x64
		{57601B62-902A-4EC8-BCC7-B6A2E30B0676}.Debug|x64.Build.0 = Debug|x64
		{57601B62-902A-4EC8-BCC7-B6A2E30B0676}.Debug|x86.ActiveCfg = Debug|Win32
		{57601B62-902A-4EC8-BCC7-B6A2E30B0676}.Debug|x86.Build.0 = Debug|Win32
		{57601B62-902A-4EC8-BCC7-B6A2E30B0676}.Development|x64.ActiveCfg = Development|x64
		{57601B62-902A-4EC8-BCC7-B6A2E30B0676}.Development|x64.Build.0 = Development|x64
		{57601B62-902A-4EC8-BCC7-B6A2E30B0676}.Development|x86.ActiveCfg = Development|Win32
		{57601B62-902A-4EC8-BCC7-B6A2E30B0676}.Development|x86.Build.0 = Development|Win32
		{57601B62-902A-4EC8-BCC7-B6A2E30B0676}.Release|x64.ActiveCfg = Release|x64
		{57601B62-902A-4EC8-BCC7-B6A2E30B0676}.Release|x64.Build.0 = Release|x64
		{57601B62-902A-4EC8-BCC7-B6A2E30B0676}.Release|x86.ActiveCfg = Release|Win32
		{57601B62-902A-4EC8-BCC7-B6A2E30B0676}.Release|x86.Build.0 = Release|Win32
		{6FDBCDB3-D190-486D-BDAC-3C4AC527DA3B}.Debug|x64.ActiveCfg = Debug|x64
		{6FDBCDB3-D190-486D-BDAC-3C4AC527DA3B}.Debug|x64.Build.0 = Debug|x64
		{6FDBCDB3-D190-486D-BDAC-3C4AC527DA3B}.Debug|x86.ActiveCfg = Debug|Win32
		{6FDBCDB3-D190-486D-BDAC-3C4AC527DA3B}.Debug|x86.Build.0 = Debug|Win32
		{6FDBCDB3-D190-486D-BDAC-3C4AC527DA3B}.Development|x64.ActiveCfg = Development|x64
		{6FDBCDB3-D190-486D-BDAC-3C4AC527DA3B}.Development|x64.Build.0 = Development|x64
		{6FDBCDB3-D190-486D-BDAC-3C4AC527DA3B}.Development|x86.ActiveCfg = Development|Win32
		{6FDBCDB3-D190-486D-BDAC-3C4AC527DA3B}.Development|x86.Build.0 = Development|Win32
		{6FDBCDB3-D190-486D-BDAC-3C4AC527DA3B}.Release|x64.ActiveCfg = Release|x64
		{6FDBCDB3-D190-486D-BDAC-3C4AC527DA3B}.Release|x64.Build.0 = Release|x64
		{6FDBCDB3-D190-486D-BDAC-3C4AC527DA3B}.Release|x86.ActiveCfg = Release|Win32
		{6FDBCDB3-D190-486D-BDAC-3C4AC527DA3B}.Release|x86.Build.0 = Release|Win32
		{E671B0D4-52F0-471B-90B4-8317946C3C26}.Debug|x64.ActiveCfg = Debug|x64
		{E671B0D4-52F0-471B-90B4-8317946C3C26}.Debug|x64.Build.0 = Debug|x64
		{E671B0D4-52F0-471B-90B4-8317946C3C26}.Debug|x86.ActiveCfg = Debug|Win32
		{E671B0D4-52F0-471B-90B4-8317946C3C26}.Debug|x86.Build.0 = Debug|Win32
		{E671B0D4-52F0-471B-90B4-8317946C3C26}.Development|x64.ActiveCfg = Development|x64
		{E671B0D4-52F0-471B-90B4-8317946C3C26}.Development|x64.Build.0 = Development|x64
		{E671B0D4-52F0-471B-90B4-8317946C3C26}.Development|x86.ActiveCfg = Development|Win32
		{E671B0D4-52F0-471B-90B4-8317946C3C26}.Development|x86.Build.0 = Development|Win32
		{E671B0D4-52F0-471B-90B4-8317946C3C26}.Release|x64.ActiveCfg = Release|x64
		{E671B0D4-52F0-471B-90B4-8317946C3C26}.Release|x64.Build.0 = Release|x64
		{E671B0D4-52F0-471B-90B4-8317946C3C26}.Release|x86.ActiveCfg = Release|Win32
		{E671B0D4-52F0-471B-90B4-8317946C3C26}.Release|x86.Build.0 = Release|Win32
		{C50A948D-9175-4388-AE07-0CDAB7FB69C8}.Debug|x64.ActiveCfg = Debug|x64
		{C50A948D-9175-4388-AE07-0CDAB7FB69C8}.Debug|x64.Build.0 = Debug|x64
		{C50A948D-9175-4388-AE07-0CDAB7FB69C8}.Debug|x86.ActiveCfg = Debug|Win32
		{C50A948D-9175-4388-AE07-0CDAB7FB69C8}.Debug|x86.Build.0 = Debug|Win32
		{C50A948D-9175-4388-AE07-0CDAB7FB69C8}.Development|x64.ActiveCfg = Development|x64
		{C50A948D-9175-4388-AE07-0CDAB7FB69C8}.Development|x64.Build.0 = Development|x64
		{C50A948D-9175-4388-AE07-0CDAB7FB69C8}.Development|x86.ActiveCfg = Development|Win32
		{C50A948D-9175-4388-AE07-0CDAB7FB69C8}.Development|x86.Build.0 = Development|Win32
		{C50A948D-9175-4388-AE07-0CDAB7FB69C8}.Release|x64.ActiveCfg = Release|x64
		{C50A948D-9175-4388-AE07-0CDAB7FB69C8}.Release|x64.Build.0 = Release|x64
		{C50A948D-9175-4388-AE07-0CDAB7FB69C8}.Release|x86.ActiveCfg = Release|Win32
		{C50A948D-9175-4388-AE07-0CDAB7FB69C8}.Release|x86.Build.0 = Release|Win32
		{EB58439B-1F16-4E81-B0B3-1E1E95AD4901}.Debug|x64.ActiveCfg = Debug|x64
		{EB58439B-1F16-4E81-B0B3-1E1E95AD4901}.Debug|x64.Build.0 = Debug|x64
		{EB58439B-1F16-4E81-B0B3-1E1E95AD4901}.Debug|x86.ActiveCfg = Debug|Win32
		{EB58439B-1F16-4E81-B0B3-1E1E95AD4901}.Debug|x86.Build.0 = Debug|Win32
		{EB58439B-1F16-4E81-B0B3-1E1E95AD4901}.Development|x64.ActiveCfg = Development|x64
		{EB58439B-1F16-4E81-B0B3-1E1E95AD4901}.Development|x64.Build.0 = Development|x64
		{EB58439B-1F16-4E81-B0B3-1E1E95AD4901}.Development|x86.ActiveCfg = Development|Win32
		{EB58439B-1F16-4E81-B0B3-1E1E95AD4901}.Development|x86.Build.0 = Development|Win32
		{EB58439B-1F16-4E81-B0B3-1E1E95AD4901}.Release|x64.ActiveCfg = Release|x64
		{EB58439B-1F16-4E81-B0B3-1E1E95AD4901}.Release|x64.Build.0 = Release|x64
		{EB58439B-1F16-4E81-B0B3-1E1E95AD4901}.Release|x86.ActiveCfg = Release|Win32
		{EB58439B-1F16-4E81-B0B3-1E1E95AD4901}.Release|x86.Build.0 = Release|Win32
		{3D3CC439-AABC-4565-99C8-9C53F425380C}.Debug|x64.ActiveCfg = Debug|x64
		{3D3CC439-AABC-4565-99C8-9C53F425380C}.Debug|x64.Build.0 = Debug|x64
		{3D3CC439-AABC-4565-99C8-9C53F425380C}.Debug|x86.ActiveCfg = Debug|Win32
		{3D3CC439-AABC-4565-99C8-9C53F425380C}.Debug|x86.Build.0 = Debug|Win32
		{3D3CC439-AABC-4565-99C8-9C53F425380C}.Development|x64.ActiveCfg = Development|x64
		{3D3CC439-AABC-4565-99C8-9C53F425380C}.Development|x64.Build.0 = Development|x64
		{3D3CC439-AABC-4565-99C8-9C53F425380C}.Development|x86.ActiveCfg = Development|Win32
		{3D3CC439-AABC-4565-99C8-9C53F425380C}.Development|x86.Build.0 = Development|Win32
		{3D3CC439-AABC-4565-99C8-9C53F425380C}.Release|x64.ActiveCfg = Release|x64
		{3D3CC439-AABC-4565-99C8-9C53F425380C}.Release|x64.Build.0 = Release|x64
		{3D3CC439-AABC-4565-99C8-9C53F425380C}.Release|x86.ActiveCfg = Release|Win32
		{3D3CC439-AABC-4565-99C8-9C53F425380C}.Release|x86.Build.0 = Release|Win32
		{39ABB344-2136-46C3-814D-8E80BC59A08E}.Debug|x64.ActiveCfg = Debug|x64
		{39ABB344-2136-46C3-814D-8E80BC59A08E}.Debug|x64.Build.0 = Debug|x64
		{39ABB344-2136-46C3-814D-8E80BC59A08E}.Debug|x86.ActiveCfg = Debug|Win32
		{39ABB344-2136-46C3-814D-8E80BC59A08E}.Debug|x86.Build.0 = Debug|Win32
		{39ABB344-2136-46C3-814D-8E80BC59A08E}.Development|x64.ActiveCfg = Development|x64
		{39ABB344-2136-46C3-814D-8E80BC59A08E}.Development|x64.Build.0 = Development|x64
		{39ABB344-2136-46C3-814D-8E80BC59A08E}.Development|x86.ActiveCfg = Development|Win32
		{39ABB344-2136-46C3-814D-8E80BC59A08E}.Development|x86.Build.0 = Development|Win32
		{39ABB344-2136-46C3-814D-8E80BC59A08E}.Release|x64.ActiveCfg = Release|x64
		{39ABB344-2136-46C3-814D-8E80BC59A08E}.Release|x64.Build.0 = Release|x64
		{39ABB344-2136-46C3-814D-8E80BC59A08E}.Release|x86.ActiveCfg = Release|Win32
		{39ABB344-2136-46C3-814D-8E80BC59A08E}.Release|x86.Build.0 = Release|Win32
		{6D47AFC7-0557-4BBF-8902-B248F3621419}.Debug|x64.ActiveCfg = Debug|x64
		{6D47AFC7-0557-4BBF-8902-B248F3621419}.Debug|x64.Build.0 = Debug|x64
		{6D47AFC7-0557-4BBF-8902-B248F3621419}.Debug|x86.ActiveCfg = Debug|Win32
		{6D47AFC7-0557-4BBF-8902-B248F3621419}.Debug|x86.Build.0 = Debug|Win32
		{6D47AFC7-0557-4BBF-8902-B248F3621419}.Development|x64.ActiveCfg = Development|x64
		{6D47AFC7-0557-4BBF-8902-B248F3621419}.Development|x64.Build.0 = Development|x64
		{6D47AFC7-0557-4BBF-8902-B248F3621419}.Development|x86.ActiveCfg = Development|Win32
		{6D47AFC7-0557-4BBF-8902-B248F3621419}.Development|x86.Build.0 = Development|Win32
		{6D47AFC7-0557-4BBF-8902-B248F3621419}.Release|x64.ActiveCfg = Release|x64
		{6D47AFC7-0557-4BBF-8902-B248F3621419}.Release|x64.Build.0 = Release|x64
		{6D47AFC7-0557-4BBF-8902-B248F3621419}.Release|x86.ActiveCfg = Release|Win32
		{6D47AFC7-0557-4BBF-8902-B248F3621419}.Release|x86.Build.0 = Release|Win32
		{3145D38A-574B-4841-8AA9-CCD160B95124}.Debug|x64.ActiveCfg = Debug|x64
		{3145D38A-574B-4841-8AA9-CCD160B95124}.Debug|x64.Build.0 = Debug|x64
		{3145D38A-574B-4841-8AA9-CCD160B95124}.Debug|x86.ActiveCfg = Debug|Win32
		{3145D38A-574B-4841-8AA9-CCD160B95124}.Debug|x86.Build.0 = Debug|Win32
		{3145D38A-574B-4841-8AA9-CCD160B95124}.Development|x64.ActiveCfg = Development|x64
		{3145D38A-574B-4841-8AA9-CCD160B95124}.Development|x64.Build.0 = Development|x64
		{3145D38A-574B-4841-8AA9-CCD160B95124}.Development|x86.ActiveCfg = Development|Win32
		{3145D38A-574B-4841-8AA9-CCD160B95124}.Development|x86.Build.0 = Development|Win32
		{3145D38A-574B-4841-8AA9-CCD160B95124}.Release|x64.ActiveCfg = Release|x64
		{3145D38A-574B-4841-8AA9-CCD160B95124}.Release|x64.Build.0 = Release|x64
		{3145D38A-574B-4841-8AA9-CCD160B95124}.Release|x86.ActiveCfg = Release|Win32
		{3145D38A-574B-4841-8AA9-CCD160B95124}.Release|x86.Build.0 = Release|Win32
		{7E28883C-DB86-4EE8-813A-991BA20C68C9}.Debug|x64.ActiveCfg = Debug|x64
		{7E28883C-DB86-4EE8-813A-991BA20C68C9}.Debug|x64.Build.0 = Debug|x64
		{7E28883C-DB86-4EE8-813A-991BA20C68C9}.Debug|x86.ActiveCfg = Debug|Win32
		{7E28883C-DB86-4EE8-813A-991BA20C68C9}.Debug|x86.Build.0 = Debug|Win32
		{7E28883C-DB86-4EE8-813A-991BA20C68C9}.Development|x64.ActiveCfg = Development|x64
		{7E28883C-DB86-4EE8-813A-991BA20C68C9}.Development|x64.Build.0 = Development|x64
		{7E28883C-DB86-4EE8-813A-991BA20C68C9}.Development|x86.ActiveCfg = Development|Win32
		{7E28883C-DB86-4EE8-813A-991BA20C68C9}.Development|x86.Build.0 = Development|Win32
		{7E28883C-DB86-4EE8-813A-991BA20C68C9}.Release|x64.ActiveCfg = Release|x64
		{7E28883C-DB86-4EE8-813A-991BA20C68C9}.Release|x64.Build.0 = Release|x64
		{7E28883C-DB86-4EE8-813A-991BA20C68C9}.Release|x86.ActiveCfg = Release|Win32
		{7E28883C-DB86-4EE8-813A-991BA20C68C9}.Release|x86.Build.0 = Release|Win32
		{9187BE98-531A-4276-B78E-DBA3C8AB8447}.Debug|x64.ActiveCfg = Debug|x64
		{9187BE98-531A-4276-B78E-DBA3C8AB8447}.Debug|x64.Build.0 = Debug|x64
		{9187BE98-531A-4276-B78E-DBA3C8AB8447}.Debug|x86.ActiveCfg = Debug|Win32
		{9187BE98-531A-4276-B78E-DBA3C8AB8447}.Debug|x86.Build.0 = Debug|Win32
		{9187BE98-531A-4276-B78E-DBA3C8AB8447}.Development|x64.ActiveCfg = Development|x64
		{9187BE98-531A-4276-B78E-DBA3C8AB8447}.Development|x64.Build.0 = Development|x64
		{9187BE98-531A-4276-B78E-DBA3C8AB8447}.Development|x86.ActiveCfg = Development|Win32
		{9187BE98-531A-4276-B78E-DBA3C8AB8447}.Development|x86.Build.0 = Development|Win32
		{9187BE98-531A-4276-B78E-DBA3C8AB8447}.Release|x64.ActiveCfg = Release|x64
		{9187BE98-531A-4276-B78E-DBA3C8AB8447}.Release|x64.Build.0 = Release|x64
		{9187BE98-531A-4276-B78E-DBA3C8AB8447}.Release|x86.ActiveCfg = Release|Win32
		{9187BE98-531A-4276-B78E-DBA3C8AB8447}.Release|x86.Build.0 = Release|Win32
		{DCC5B76D-BE13-4D1F-BE14-75D0FA678340}.Debug|x64.ActiveCfg = Debug|x64
		{DCC5B76D-BE13-4D1F-BE14-75D0FA678340}.Debug|x64.Build.0 = Debug|x64
		{DCC5B76D-BE13-4D1F-BE14-75D0FA678340}.Debug|x86.ActiveCfg = Debug|Win32
		{DCC5B76D-BE13-4D1F-BE14-75D0FA678340}.Debug|x86.Build.0 = Debug|Win32
		{DCC5B76D-BE13-4D1F-BE14-75D0FA678340}.Development|x64.ActiveCfg = Development|x64
		{DCC5B76D-BE13-4D1F-BE14-75D0FA678340}.Development|x64.Build.0 = Development|x64
		{DCC5B76D-BE13-4D1F-BE14-75D0FA678340}.Development|x86.ActiveCfg = Development|Win32
		{DCC5B76D-BE13-4D1F-BE14-75D0FA678340}.Development|x86.Build.0 = Development|Win32
		{DCC5B76D-BE13-4D1F-BE14-75D0FA678340}.Release|x64.ActiveCfg = Release|x64
		{DCC5B76D-BE13-4D1F-BE14-75D0FA678340}.Release|x64.Build.0 = Release|x64
		{DCC5B76D-BE13-4D1F-BE14-75D0FA678340}.Release|x86.ActiveCfg = Release|Win32
		{DCC5B76D-BE13-4D1F-BE14-75D0FA678340}.Release|x86.Build.0 = Release|Win32
		{FB040F9F-8344-43DA-A4D6-1C8A9D5DBC59}.Debug|x64.ActiveCfg = Debug|x64
		{FB040F9F-8344-43DA-A4D6-1C8A9D5DBC59}.Debug|x64.Build.0 = Debug|x64
		{FB040F9F-8344-43DA-A4D6-1C8A9D5DBC59}.Debug|x86.ActiveCfg = Debug|Win32
		{FB040F9F-8344-43DA-A4D6-1C8A9D5DBC59}.Debug|x86.Build.0 = Debug|Win32
		{FB040F9F-8344-43DA-A4D6-1C8A9D5DBC59}.Development|x64.ActiveCfg = Development|x64
		{FB040F9F-8344-43DA-A4D6-1C8A9D5DBC59}.Development|x64.Build.0 = Development|x64
		{FB040F9F-8344-43DA-A4D6-1C8A9D5DBC59}.Development|x86.ActiveCfg = Development|Win32
		{FB040F9F-8344-43DA-A4D6-1C8A9D5DBC59}.Development|x86.Build.0 = Development|Win32
		{FB040F9F-8344-43DA-A4D6-1C8A9D5DBC59}.Release|x64.ActiveCfg = Release|x64
		{FB040F9F-8344-43DA-A4D6-1C8A9D5DBC59}.Release|x64.Build.0 = Release|x64
		{FB040F9F-8344-43DA-A4D6-1C8A9D5DBC59}.Release|x86.ActiveCfg = Release|Win32
		{FB040F9F-8344-43DA-A4D6-1C8A9D5DBC59}.Release|x86.Build.0 = Release|Win32
		{F4CD3B2B-16E4-47EF-80A9-B7D20DFC3713}.Debug|x64.ActiveCfg = Debug|x64
		{F4CD3B2B-16E4-47EF-80A9-B7D20DFC3713}.Debug|x64.Build.0 = Debug|x64
		{F4CD3B2B-16E4-47EF-80A9-B7D20DFC3713}.Debug|x86.ActiveCfg = Debug|Win32
		{F4CD3B2B-16E4-47EF-80A9-B7D20DFC3713}.Debug|x86.Build.0 = Debug|Win32
		{F4CD3B2B-16E4-47EF-80A9-B7D20DFC3713}.Development|x64.ActiveCfg = Development|x64
		{F4CD3B2B-16E4-47EF-80A9-B7D20DFC3713}.Development|x64.Build.0 = Development|x64
		{F4CD3B2B-16E4-47EF-80A9-B7D20DFC3713}.Development|x86.ActiveCfg = Development|Win32
		{F4CD3B2B-16E4-47EF-80A9-B7D20DFC3713}.Development|x86.Build.0 = Development|Win32
		{F4CD3B2B-16E4-47EF-80A9-B7D20DFC3713}.Release|x64.ActiveCfg = Release|x64
		{F4CD3B2B-16E4-47EF-80A9-B7D20DFC3713}.Release|x64.Build.0 = Release|x64
		{F4CD3B2B-16E4-47EF-80A9-B7D20DFC3713}.Release|x86.ActiveCfg = Release|Win32
		{F4CD3B2B-16E4-47EF-80A9-B7D20DFC3713}.Release|x86.Build.0 = Release|Win32
		{7C119635-1963-4547-B345-CB7ED7EB2EE4}.Debug|x64.ActiveCfg = Debug|x64
		{7C119635-1963-4547-B345-CB7ED7EB2EE4}.Debug|x64.Build.0 = Debug|x64
		{7C119635-1963-4547-B345-CB7ED7EB2EE4}.Debug|x86.ActiveCfg = Debug|Win32
		{7C119635-1963-4547-B345-CB7ED7EB2EE4}.Debug|x86.Build.0 = Debug|Win32
		{7C119635-1963-4547-B345-CB7ED7EB2EE4}.Development|x64.ActiveCfg = Development|x64
		{7C119635-1963-4547-B345-CB7ED7EB2EE4}.Development|x64.Build.0 = Development|x64
		{7C119635-1963-4547-B345-CB7ED7EB2EE4}.Development|x86.ActiveCfg = Development|Win32
		{7C119635-1963-4547-B345-CB7ED7EB2EE4}.Development|x86.Build.0 = Development|Win32
		{7C119635-1963-4547-B345-CB7ED7EB2EE4}.Release|x64.ActiveCfg = Release|x64
		{7C119635-1963-4547-B345-CB7ED7EB2EE4}.Release|x64.Build.0 = Release|x64
		{7C119635-1963-4547-B345-CB7ED7EB2EE4}.Release|x86.ActiveCfg = Release|Win32
		{7C119635-1963-4547-B345-CB7ED7EB2EE4}.Release|x86.Build.0 = Release|Win32
		{3B20191B-7CA1-4D9C-8306-4D9EBB29E24A}.Debug|x64.ActiveCfg = Debug|x64
		{3B20191B-7CA1-4D9C-8306-4D9EBB29E24A}.Debug|x64.Build.0 = Debug|x64
		{3B20191B-7CA1-4D9C-8306-4D9EBB29E24A}.Debug|x86.ActiveCfg = Debug|Win32
		{3B20191B-7CA1-4D9C-8306-4D9EBB29E24A}.Debug|x86.Build.0 = Debug|Win32
		{3B20191B-7CA1-4D9C-8306-4D9EBB29E24A}.Development|x64.ActiveCfg = Development|x64
		{3B20191B-7CA1-4D9C-8306-4D9EBB29E24A}.Development|x64.Build.0 = Development|x64
		{3B20191B-7CA1-4D9C-8306-4D9EBB29E24A}.Development|x86.ActiveCfg = Development|Win32
		{3B20191B-7CA1-4D9C-8306-4D9EBB29E24A}.Development|x86.Build.0 = Development|Win32
		{3B20191B-7CA1-4D9C-8306-4D9EBB29E24A}.Release|x64.ActiveCfg = Release|x64
		{3B20191B-7CA1-4D9C-8306-4D9EBB29E24A}.Release|x64.Build.0 = Release|x64
		{3B20191B-7CA1-4D9C-8306-4D9EBB29E24A}.Release|x86.ActiveCfg = Release|Win32
		{3B20191B-7CA1-4D9C-8306-4D9EBB29E24A}.Release|x86.Build.0 = Release|Win32
		{19DC7E82-12AF-4110-93CA-E7C30500A3F5}.Debug|x64.ActiveCfg = Debug|x64
		{19DC7E82-12AF-4110-93CA-E7C30500A3F5}.Debug|x64.Build.0 = Debug|x64
		{19DC7E82-12AF-4110-93CA-E7C30500A3F5}.Debug|x86.ActiveCfg = Debug|Win32
		{19DC7E82-12AF-4110-93CA-E7C30500A3F5}.Debug|x86.Build.0 = Debug|Win32
		{19DC7E82-12AF-4110-93CA-E7C30500A3F5}.Development|x64.ActiveCfg = Development|x64
		{19DC7E82-12AF-4110-93CA-E7C30500A3F5}.Development|x64.Build.0 = Development|x64
		{19DC7E82-12AF-4110-93CA-E7C30500A3F5}.Development|x86.ActiveCfg = Development|Win32
		{19DC7E82-12AF-4110-93CA-E7C30500A3F5}.Development|x86.Build.0 = Development|Win32
		{19DC7E82-12AF-4110-93CA-E7C30500A3F5}.Release|x64.ActiveCfg = Release|x64
		{19DC7E82-12AF-4110-93CA-E7C30500A3F5}.Release|x64.Build.0 = Release|x64
		{19DC7E82-12AF-4110-93CA-E7C30500A3F5}.Release|x86.ActiveCfg = Release|Win32
		{19DC7E82-12AF-4110-93CA-E7C30500A3F5}.Release|x86.Build.0 = Release|Win32
		{7E13BFCC-55B0-4715-8BBB-84A143CCE84B}.Debug|x64.ActiveCfg = Debug|x64
		{7E13BFCC-55B0-4715-8BBB-84A143CCE84B}.Debug|x64.Build.0 = Debug|x64
		{7E13BFCC-55B0-4715-8BBB-84A143CCE84B}.Debug|x86.ActiveCfg = Debug|Win32
		{7E13BFCC-55B0-4715-8BBB-84A143CCE84B}.Debug|x86.Build.0 = Debug|Win32
		{7E13BFCC-55B0-4715-8BBB-84A143CCE84B}.Development|x64.ActiveCfg = Development|x64
		{7E13BFCC-55B0-4715-8BBB-84A143CCE84B}.Development|x64.Build.0 = Development|x64
		{7E13BFCC-55B0-4715-8BBB-84A143CCE84B}.Development|x86.ActiveCfg = Development|Win32
		{7E13BFCC-55B0-4715-8BBB-84A143CCE84B}.Development|x86.Build.0 = Development|Win32
		{7E13BFCC-55B0-4715-8BBB-84A143CCE84B}.Release|x64.ActiveCfg = Release|x64
		{7E13BFCC-55B0-4715-8BBB-84A143CCE84B}.Release|x64.Build.0 = Release|x64
		{7E13BFCC-55B0-4715-8BBB-84A143CCE84B}.Release|x86.ActiveCfg = Release|Win32
		{7E13BFCC-55B0-4715-8BBB-84A143CCE84B}.Release|x86.Build.0 = Release|Win32
		{E5D980C8-02DF-45D1-9F15-4D87AE100661}.Debug|x64.ActiveCfg = Debug|x64
		{E5D980C8-02DF-45D1-9F15-4D87AE100661}.Debug|x64.Build.0 = Debug|x64
		{E5D980C8-02DF-45D1-9F15-4D87AE100661}.Debug|x86.ActiveCfg = Debug|Win32
		{E5D980C8-02DF-45D1-9F15-4D87AE100661}.Debug|x86.Build.0 = Debug|Win32
		{E5D980C8-02DF-45D1-9F15-4D87AE100661}.Development|x64.ActiveCfg = Development|x64
		{E5D980C8-02DF-45D1-9F15-4D87AE100661}.Development|x64.Build.0 = Development|x64
		{E5D980C8-02DF-45D1-9F15-4D87AE100661}.Development|x86.ActiveCfg = Development|Win32
		{E5D980C8-02DF-45D1-9F15-4D87AE100661}.Development|x86.Build.0 = Development|Win32
		{E5D980C8-02DF-45D1-9F15-4D87AE100661}.Release|x64.ActiveCfg = Release|x64
		{E5D980C8-02DF-45D1-9F15-4D87AE100661}.Release|x64.Build.0 = Release|x64
		{E5D980C8-02DF-45D1-9F15-4D87AE100661}.Release|x86.ActiveCfg = Release|Win32
		{E5D980C8-02DF-45D1-9F15-4D87AE100661}.Release|x86.Build.0 = Release|Win32
		{E8CF1ADA-264A-4127-86C2-FD7057D3792C}.Debug|x64.ActiveCfg = Debug|x64
		{E8CF1ADA-264A-4127-86C2-FD7057D3792C}.Debug|x64.Build.0 = Debug|x64
		{E8CF1ADA-264A-4127-86C2-FD7057D3792C}.Debug|x86.ActiveCfg = Debug|Win32
		{E8CF1ADA-264A-4127-86C2-FD7057D3792C}.Debug|x86.Build.0 = Debug|Win32
		{E8CF1ADA-264A-4127-86C2-FD7057D3792C}.Development|x64.ActiveCfg = Development|x64
		{E8CF1ADA-264A-4127-86C2-FD7057D3792C}.Development|x64.Build.0 = Development|x64
		{E8CF1ADA-264A-4127-86C2-FD7057D3792C}.Development|x86.ActiveCfg = Development|Win32
		{E8CF1ADA-264A-4127-86C2-FD7057D3792C}.Development|x86.Build.0 = Development|Win32
		{E8CF1ADA-264A-4127-86C2-FD7057D3792C}.Release|x64.ActiveCfg = Release|x64
		{E8CF1ADA-264A-4127-86C2-FD7057D3792C}.Release|x64.Build.0 = Release|x64
		{E8CF1ADA-264A-4127-86C2-FD7057D3792C}.Release|x86.ActiveCfg = Release|Win32
		{E8CF1ADA-264A-4127-86C2-FD7057D3792C}.Release|x86.Build.0 = Release|Win32
		{632AEEB6-DC06-4E15-9551-B2B09A4B73C5}.Debug|x64.ActiveCfg = Debug|x64
		{632AEEB6-DC06-4E15-9551-B2B09A4B73C5}.Debug|x64.Build.0 = Debug|x64
		{632AEEB6-DC06-4E15-9551-B2B09A4B73C5}.Debug|x86.ActiveCfg = Debug|Win32
		{632AEEB6-DC06-4E15-9551-B2B09A4B73C5}.Debug|x86.Build.0 = Debug|Win32
		{632AEEB6-DC06-4E15-9551-B2B09A4B73C5}.Development|x64.ActiveCfg = Development|x64
		{632AEEB6-DC06-4E15-9551-B2B09A4B73C5}.Development|x64.Build.0 = Development|x64
		{632AEEB6-DC06-4E15-9551-B2B09A4B73C5}.Development|x86.ActiveCfg = Development|Win32
		{632AEEB6-DC06-4E15-9551-B2B09A4B73C5}.Development|x86.Build.0 = Development|Win32
		{632AEEB6-DC06-4E15-9551-B2B09A4B73C5}.Release|x64.ActiveCfg = Release|x64
		{632AEEB6-DC06-4E15-9551-B2B09A4B73C5}.Release|x64.Build.0 = Release|x64
		{632AEEB6-DC06-4E15-9551-B2B09A4B73C5}.Release|x86.ActiveCfg = Release|Win32
		{632AEEB6-DC06-4E15-9551-B2B09A4B73C5}.Release|x86.Build.0 = Release|Win32
		{CA2604CA-A2AC-49A1-A468-8AB5A2E6CBC9}.Debug|x64.ActiveCfg = Debug|x64
		{CA2604CA-A2AC-49A1-A468-8AB5A2E6CBC9}.Debug|x64.Build.0 = Debug|x64
		{CA2604CA-A2AC-49A1-A468-8AB5A2E6CBC9}.Debug|x86.ActiveCfg = Debug|Win32
		{CA2604CA-A2AC-49A1-A468-8AB5A2E6CBC9}.Debug|x86.Build.0 = Debug|Win32
		{CA2604CA-A2AC-49A1-A468-8AB5A2E6CBC9}.Development|x64.ActiveCfg = Development|x64
		{CA2604CA-A2AC-49A1-A468-8AB5A2E6CBC9}.Development|x64.Build.0 = Development|x64
		{CA2604CA-A2AC-49A1-A468-8AB5A2E6CBC9}.Development|x86.ActiveCfg = Development|Win32
		{CA2604CA-A2AC-49A1-A468-8AB5A2E6CBC9}.Development|x86.Build.0 = Development|Win32
		{CA2604CA-A2AC-49A1-A468-8AB5A2E6CBC9}.Release|x64.ActiveCfg = Release|x64
		{CA2604CA-A2AC-49A1-A468-8AB5A2E6CBC9}.Release|x64.Build.0 = Release|x64
		{CA2604CA-A2AC-49A1-A468-8AB5A2E6CBC9}.Release|x86.ActiveCfg = Release|Win32
		{CA2604CA-A2AC-49A1-A468-8AB5A2E6CBC9}.Release|x86.Build.0 = Release|Win32
	EndGlobalSection
	GlobalSection(SolutionProperties) = preSolution
		HideSolutionNode = FALSE
	EndGlobalSection
	GlobalSection(NestedProjects) = preSolution
		{490C4173-E321-4E03-8E09-0475D7B91307} = {DBF1D802-5CE5-45B8-8426-4634FC4D4FAA}
		{AC3D4F35-0E39-47F7-AEB7-552811A90A07} = {DBF1D802-5CE5-45B8-8426-4634FC4D4FAA}
		{0CBE8406-AE28-414B-B353-CB2D3C4003C8} = {DBF1D802-5CE5-45B8-8426-4634FC4D4FAA}
		{3E6D62E8-DAF4-4FF8-8CB7-64758BA6A61A} = {DBF1D802-5CE5-45B8-8426-4634FC4D4FAA}
		{6FDBCDB3-D190-486D-BDAC-3C4AC527DA3B} = {DBF1D802-5CE5-45B8-8426-4634FC4D4FAA}
		{EB58439B-1F16-4E81-B0B3-1E1E95AD4901} = {DBF1D802-5CE5-45B8-8426-4634FC4D4FAA}
		{6D47AFC7-0557-4BBF-8902-B248F3621419} = {22F340B9-8190-4BE3-B3E7-F7BCAA0796B3}
		{3145D38A-574B-4841-8AA9-CCD160B95124} = {22F340B9-8190-4BE3-B3E7-F7BCAA0796B3}
		{7E28883C-DB86-4EE8-813A-991BA20C68C9} = {22F340B9-8190-4BE3-B3E7-F7BCAA0796B3}
		{9187BE98-531A-4276-B78E-DBA3C8AB8447} = {22F340B9-8190-4BE3-B3E7-F7BCAA0796B3}
		{DCC5B76D-BE13-4D1F-BE14-75D0FA678340} = {22F340B9-8190-4BE3-B3E7-F7BCAA0796B3}
		{FB040F9F-8344-43DA-A4D6-1C8A9D5DBC59} = {22F340B9-8190-4BE3-B3E7-F7BCAA0796B3}
		{F4CD3B2B-16E4-47EF-80A9-B7D20DFC3713} = {22F340B9-8190-4BE3-B3E7-F7BCAA0796B3}
		{7C119635-1963-4547-B345-CB7ED7EB2EE4} = {22F340B9-8190-4BE3-B3E7-F7BCAA0796B3}
		{3B20191B-7CA1-4D9C-8306-4D9EBB29E24A} = {22F340B9-8190-4BE3-B3E7-F7BCAA0796B3}
		{19DC7E82-12AF-4110-93CA-E7C30500A3F5} = {22F340B9-8190-4BE3-B3E7-F7BCAA0796B3}
		{7E13BFCC-55B0-4715-8BBB-84A143CCE84B} = {22F340B9-8190-4BE3-B3E7-F7BCAA0796B3}
		{E5D980C8-02DF-45D1-9F15-4D87AE100661} = {22F340B9-8190-4BE3-B3E7-F7BCAA0796B3}
		{E8CF1ADA-264A-4127-86C2-FD7057D3792C} = {DBF1D802-5CE5-45B8-8426-4634FC4D4FAA}
		{632AEEB6-DC06-4E15-9551-B2B09A4B73C5} = {DBF1D802-5CE5-45B8-8426-4634FC4D4FAA}
		{CA2604CA-A2AC-49A1-A468-8AB5A2E6CBC9} = {DBF1D802-5CE5-45B8-8426-4634FC4D4FAA}
	EndGlobalSection
	GlobalSection(ExtensibilityGlobals) = postSolution
		SolutionGuid = {ACCA3F9B-B3D4-4B37-9305-54D65FCA9A84}
	EndGlobalSection
EndGlobal
